
Microsoft Visual Studio Solution File, Format Version 12.00
# Visual Studio Version 17
VisualStudioVersion = 17.0.31912.275
MinimumVisualStudioVersion = 10.0.40219.1
Project("{FAE04EC0-301F-11D3-BF4B-00C04F79EFBC}") = "pivpn-telegram-manager", "pivpn-telegram-manager\pivpn-telegram-manager.csproj", "{2386F5F0-96EE-4D22-AFFA-3A3C68EABE60}"
EndProject
Global
	GlobalSection(SolutionConfigurationPlatforms) = preSolution
		Debug|Any CPU = Debug|Any CPU
		Release|Any CPU = Release|Any CPU
	EndGlobalSection
	GlobalSection(ProjectConfigurationPlatforms) = postSolution
		{2386F5F0-96EE-4D22-AFFA-3A3C68EABE60}.Debug|Any CPU.ActiveCfg = Debug|Any CPU
		{2386F5F0-96EE-4D22-AFFA-3A3C68EABE60}.Debug|Any CPU.Build.0 = Debug|Any CPU
		{2386F5F0-96EE-4D22-AFFA-3A3C68EABE60}.Release|Any CPU.ActiveCfg = Release|Any CPU
		{2386F5F0-96EE-4D22-AFFA-3A3C68EABE60}.Release|Any CPU.Build.0 = Release|Any CPU
	EndGlobalSection
	GlobalSection(SolutionProperties) = preSolution
		HideSolutionNode = FALSE
	EndGlobalSection
	GlobalSection(ExtensibilityGlobals) = postSolution
		SolutionGuid = {AF7D9C18-C545-4EB4-BFC8-7B8ABE7FA846}
	EndGlobalSection
EndGlobal
